
Microsoft Visual Studio Solution File, Format Version 12.00
# Visual Studio Version 17
VisualStudioVersion = 17.2.32526.322
MinimumVisualStudioVersion = 10.0.40219.1
Project("{9A19103F-16F7-4668-BE54-9A1E7A4F7556}") = "Recipe gRPC", "Recipe gRPC\Recipe gRPC.csproj", "{5A966DB5-E29E-4D6C-8527-736672D4394D}"
EndProject
Project("{9A19103F-16F7-4668-BE54-9A1E7A4F7556}") = "Client", "Client\Client.csproj", "{FC7B8AD8-DFEC-43E3-A4B5-364D7C230773}"
EndProject
Global
	GlobalSection(SolutionConfigurationPlatforms) = preSolution
		Debug|Any CPU = Debug|Any CPU
		Release|Any CPU = Release|Any CPU
	EndGlobalSection
	GlobalSection(ProjectConfigurationPlatforms) = postSolution
		{5A966DB5-E29E-4D6C-8527-736672D4394D}.Debug|Any CPU.ActiveCfg = Debug|Any CPU
		{5A966DB5-E29E-4D6C-8527-736672D4394D}.Debug|Any CPU.Build.0 = Debug|Any CPU
		{5A966DB5-E29E-4D6C-8527-736672D4394D}.Release|Any CPU.ActiveCfg = Release|Any CPU
		{5A966DB5-E29E-4D6C-8527-736672D4394D}.Release|Any CPU.Build.0 = Release|Any CPU
		{FC7B8AD8-DFEC-43E3-A4B5-364D7C230773}.Debug|Any CPU.ActiveCfg = Debug|Any CPU
		{FC7B8AD8-DFEC-43E3-A4B5-364D7C230773}.Debug|Any CPU.Build.0 = Debug|Any CPU
		{FC7B8AD8-DFEC-43E3-A4B5-364D7C230773}.Release|Any CPU.ActiveCfg = Release|Any CPU
		{FC7B8AD8-DFEC-43E3-A4B5-364D7C230773}.Release|Any CPU.Build.0 = Release|Any CPU
	EndGlobalSection
	GlobalSection(SolutionProperties) = preSolution
		HideSolutionNode = FALSE
	EndGlobalSection
	GlobalSection(ExtensibilityGlobals) = postSolution
		SolutionGuid = {CE92874C-8DE6-43FC-9456-0F6D02A8CDF2}
	EndGlobalSection
EndGlobal
